
Microsoft Visual Studio Solution File, Format Version 12.00
# Visual Studio Version 17
VisualStudioVersion = 17.6.33815.320
MinimumVisualStudioVersion = 10.0.40219.1
Project("{FAE04EC0-301F-11D3-BF4B-00C04F79EFBC}") = "office-test", "office-test\office-test.csproj", "{52586185-7CC8-41BC-A384-E784E5175CEE}"
EndProject
Global
	GlobalSection(SolutionConfigurationPlatforms) = preSolution
		Debug|Any CPU = Debug|Any CPU
		Release|Any CPU = Release|Any CPU
	EndGlobalSection
	GlobalSection(ProjectConfigurationPlatforms) = postSolution
		{52586185-7CC8-41BC-A384-E784E5175CEE}.Debug|Any CPU.ActiveCfg = Debug|Any CPU
		{52586185-7CC8-41BC-A384-E784E5175CEE}.Debug|Any CPU.Build.0 = Debug|Any CPU
		{52586185-7CC8-41BC-A384-E784E5175CEE}.Release|Any CPU.ActiveCfg = Release|Any CPU
		{52586185-7CC8-41BC-A384-E784E5175CEE}.Release|Any CPU.Build.0 = Release|Any CPU
	EndGlobalSection
	GlobalSection(SolutionProperties) = preSolution
		HideSolutionNode = FALSE
	EndGlobalSection
	GlobalSection(ExtensibilityGlobals) = postSolution
		SolutionGuid = {2BF24F06-C1DA-47B2-B25A-DE46AEEF0877}
	EndGlobalSection
EndGlobal
